#
# This file is autogenerated by pip-compile with Python 3.12
# by the following command:
#
#    pip-compile --generate-hashes --output-file=requirements.lock --strip-extras pyproject.toml
#
arro3-core==0.8.1 \
    --hash=sha256:0501662cb3c7c6a05dcd6b998db55f9a97743aa571da42203733366c42166a7a \
    --hash=sha256:05e6d17b8c1fb1a217161eccd94191f8092a0a12893b0391d51cdf57a626acbf \
    --hash=sha256:0bbcfb60ddf9b571387b4c0aaf78171d2ee7e0d335c08514bc247685f01bc086 \
    --hash=sha256:106e40759823314673eb391a12fafb8546e42b7a7e79d467d611a24fe1286300 \
    --hash=sha256:17de5d857977ce0a704f93d46a866a79beeb4baceed31cee1d1f779bcf612362 \
    --hash=sha256:1df54a8e2c14a877f291d90de65f00bafe9cc6d5958417ff749f178f059dcd39 \
    --hash=sha256:1e9e04cbbba877f31073146798b328537b63675f65d0b7e2154754d5203260ed \
    --hash=sha256:212dfde17bd26193754aaee6024f7e99624163e0d44966745e8752af79c4c454 \
    --hash=sha256:2435dc4057d604650a34d195e6977ef40b26af0b9dea8f1b842a924a270de2fc \
    --hash=sha256:246057dc9d283a283cb05b228f710e1ada3b4a8c483e519b0ec8b0d8499204db \
    --hash=sha256:2aa0bda5251e93c67318aa8315e563b02fe39d5577b72654c335d69fce802d03 \
    --hash=sha256:2c439699fa2d35e4d7ac83b6661a5f74f7f69845a239503f78589f250e8fbc6c \
    --hash=sha256:2dd781426d776fad17dba1c991df422d071d22e59cfd0db80b104648b6c96040 \
    --hash=sha256:31b966b0f9b2a6fb3f285339ed5ec4eac69591bbb92a9fdb2cf80ad995b759af \
    --hash=sha256:35c46c49442853f8a1b09d37ceabe4ce31e2a276d4a73c407ba3a25fcf1b9221 \
    --hash=sha256:35dfbc1c19afb63371ae23bd653202b57fd99b57f17ed1561849c4b5994b63d9 \
    --hash=sha256:3e0bc59ee2a56650eb179105b920dd48a7d51774921f27af017396adb3c08a4e \
    --hash=sha256:3e2c2e4c6b36a0f493f07222eadf7c628155f4a306c650a14c4d6d343870043c \
    --hash=sha256:3f30c53a51934884416b752e95ef50b1958d6b55de6a386e919c202ceec7d4ff \
    --hash=sha256:3fc91a59cb27c7660134b9ed0c067d53c0f5bb1722f16f2cf7d4c446ce1086c4 \
    --hash=sha256:3ff2da3c888ec504291deafd6965f2364f14f1fb63977f202f2f7680f10909f6 \
    --hash=sha256:40da2ee0701f217cd482e61228023ee9d8993984daccaf6ded089035b5fdc132 \
    --hash=sha256:410cdca92392be39a5580059ebf9a6f89a0410af6dc10a8baa76e9d511fa6624 \
    --hash=sha256:44f6256cae47d369fe9076e9fa61f5c2899447b76ca5bda641668ad07cf26bf6 \
    --hash=sha256:463db0b7f698abc19f4274d6df697560bc9c19463cfdbd01094bb0fa6ddd1206 \
    --hash=sha256:480c33d62d66adf92fd731e77728f81b7bd3fcde4e2eb313f5616b5097b1875f \
    --hash=sha256:4b3be416105b9962315506dd3f647b7e3886d02d1b73a6a997133ce01a4df715 \
    --hash=sha256:4e4af152b4ccf7694d634573db906e1a9b28f5beda84bac5adeb60f7e98262a8 \
    --hash=sha256:4e93bf4b872ea4c54b178c6749c5eca89a98220c672f7e98c64188dc56f260b3 \
    --hash=sha256:507c4a58c993af697eb2e7b324c1f2c4ced22a72c85e9c2adbc23d28c6a6c20b \
    --hash=sha256:51bea8dc0bc0230b6af8d1b258cf2a7e4f69770ed99062592ce1b43b17732727 \
    --hash=sha256:540f85f0b6a31820347d069c217b002488fe60f8e509d134bd1e0bc2eeffbfff \
    --hash=sha256:5674a052c68721963f462b10ce92596a7e85cfacd3fbdc3839633182844f6f3c \
    --hash=sha256:5861781e6363db0707e1a4ba5166025a1113d921ccff870a0a097f27ab2dece1 \
    --hash=sha256:5a7563856e609dd24be03efde72edd5b1c16dd1fb3d67fd84970df6d9ca36b96 \
    --hash=sha256:5d55178ad56c637f278286370532e58256eff48f71d3c36a4e5f8652eb7300b3 \
    --hash=sha256:64d3ea60da4279e9c6a9b2e60abf7f4fefb6643544ecb2dfde899f72f1f91bad \
    --hash=sha256:66d685f7c53137798e05322a17dabc09445a818c9c8959d21e9fb3e084371f51 \
    --hash=sha256:6933b53306d51319a2a36f8b205e9fe2d8fe998f82f37fd6f5155ad452808702 \
    --hash=sha256:6a96df94a4538ab9acf01873eecf35161ad0c54ab79134247e69a42cd66515dc \
    --hash=sha256:6cc8c7c9b81cad2b4eaaeb29da25854bddb5bb373a278f1f1046b277fa7f2ee6 \
    --hash=sha256:6ea1dfb8fe22438e87f9414181f0e2c56191e18b648f596b157d40e00cfb5a1e \
    --hash=sha256:6f71fdd46e1a86bc1db0733361130e51447d2d3c7d5fca13937381e2ba085dca \
    --hash=sha256:71165a75a7d22c16226085ed2255afe84741369cd35eb01cc153c4687e85b49f \
    --hash=sha256:71bc86880256cca5f22802ca444a92b3e9edbb5c9e5b74df1cbfcfe2ca788097 \
    --hash=sha256:7695e9fca1e2c0064571bea65d9b7909a957ed9be4c81718d19356e578818649 \
    --hash=sha256:7a917195d7553a188bbb9fa815d430ff70ee53357fcc6fdb395d0e4436a66243 \
    --hash=sha256:7bf8cb1053cb51529437544eedbc6643819912eec15c0491d7304d6bad0fb151 \
    --hash=sha256:81426cb122d6bfccacd2e0ae5df8b847dc3c3e07b5f336547cb18f873d186f54 \
    --hash=sha256:881afcb9c83334ac26498b429265223c676e028cd5d88fb0c909578f8e0330de \
    --hash=sha256:88b15a937ebe7e64f63cbbd1134d18daa3cb3f769e936a1f0284136375707ebb \
    --hash=sha256:8918dd0fcf5c3650332678ddbfb7c13ce1f0534f9669ab6839c38069885318cf \
    --hash=sha256:8c1d9ff8b2848bf48bbcad962271b2adeda922457cf23591464c12af9b0ddbf6 \
    --hash=sha256:90d31db38bc7cbbe6061d23ae11b3e830b55ce60ba6f0550c70915bab4cafe41 \
    --hash=sha256:94528515f59146b5b4421e468bc269f682754ff082434cccf0ecbfb0d74d0b38 \
    --hash=sha256:97584eb695f6d9a2cb5e66aa4866fdd17316c313d1724257660bcb0f37a59fb1 \
    --hash=sha256:97f3a352d732688f7e9b2194d5496617a14937a2ef798ec26928a39a26e4314a \
    --hash=sha256:9d28d87625d6c743fee1d2e20252531db6cff6c5218b89055a9f7492af99c14c \
    --hash=sha256:a08ac7c6bd075309adaa5a89e1e0fea0b50ae6669620649a3d2b4edc8f7f1c8a \
    --hash=sha256:a7c227982c0fd762271d550a6242e54ff7d2aa7aff73c918e127042cf9601ec0 \
    --hash=sha256:ad0f507dfafb1e8a8c15e8a902bccdd9a9c2cf2102fc39ad35c22e23ca76a65e \
    --hash=sha256:af88a17346e9e7897b6d1bc165f686b87ea928b4c7e89666156b2281f0236cee \
    --hash=sha256:b2517ea3fb7cb15a41e2d0e3496d91afe4703eca86a88072f917bef044c2b8ee \
    --hash=sha256:b394218ad71ce266088e0e65bfad0542556adf0eb93197b66afaa2009358662f \
    --hash=sha256:b55d00bca1226948339eac61f8d519055d33ff634b4b1e4e3173a68e88f8d54b \
    --hash=sha256:b7379e14f8f49e99d53e364c26533293d2136920a3cf818138718a9a9bc114d0 \
    --hash=sha256:b89c867f65852de7fa0586a4883195a2cca1ee3a7bca8c95c309a02ce6be15b5 \
    --hash=sha256:b8d660d1360075940365aea710c27705c247cc25e4bf8bfef66ff738288142d9 \
    --hash=sha256:c8b90ad6fbdd3507c20bdbc2b23c88929a3f7c49a8a43697f316e084b5664289 \
    --hash=sha256:cd462e7ef7735c341c27f754756b244d90a9485818c5ea090fa46009bd8ae252 \
    --hash=sha256:d1dc03e1e5965528bfc7e26a6ee857e3b6fc5f201ff530a03dc731b9f3fb14fd \
    --hash=sha256:d70c68665525744154dc1f65b5038fe97600a5204e8a875b3fe7675455363024 \
    --hash=sha256:d79b12a83403b1a100731587d33f09a818a4ff93472f84fcdf3a38d3934dfc5e \
    --hash=sha256:d97170d56690655699977f4535120f170c5047813341c2b0264abc3af00625dc \
    --hash=sha256:dc81e079d182dfc2ba6bace815608dbab0158809b9268c4eb59816685f7871fb \
    --hash=sha256:e348fa5349e6655df4b1ea281ab71e0794c749ba842da54248eb942201f93fb8 \
    --hash=sha256:ebc5e8917ccc638f276292532e7a59dad3d89ba8a26e874e596a6bc4ffb0ca4b \
    --hash=sha256:f27615f05e55e7c277b4386fd18356d7b052e0c92be66cc13cf823286d94b141 \
    --hash=sha256:f4082c6bbff7f164619d99dffcbc2313ed69024653a9e58d9f94cc65d9226f6c \
    --hash=sha256:f6c9e50b3bc594260cbcc94e4b9fff590c5fd7f35a6c5729ecc6a6ff0a117981
    # via deltalake
attrs==26.1.0 \
    --hash=sha256:c647aa4a12dfbad9333ca4e71fe62ddc36f4e63b2d260a37a8b83d2f043ac309 \
    --hash=sha256:d03ceb89cb322a8fd706d4fb91940737b6642aa36998fe130a9bc96c985eff32
    # via
    #   jsonschema
    #   referencing
deltalake==1.6.2 \
    --hash=sha256:00ca11b3081345a922173efc5e6582edf2019554f184d9a1e961e4f888974dae \
    --hash=sha256:235c06c1a0041afb1a52d98672d67a2fe6a38813bbea889335ff1eea6dbea5b5 \
    --hash=sha256:46caeee8ea14b89975305d6d36abef99246f7ff7b1fc1194b9395d92f6db3533 \
    --hash=sha256:6dd5efcf165c5418a02afe6de4b9d88c268c6c4eae2a4c38d40eab72bc69c8ee \
    --hash=sha256:bec019bbe82b06d0947758342849978dc3167d374edf99c8ae8af0ae4bf3ac6b \
    --hash=sha256:e317a46212f4b7fda6a20feb45a336aa0b95241366d14edb3fd4f481a087efa4 \
    --hash=sha256:e5bf6d4ba40023e45e7b3eb2f948bcd648af7cc38463f8b60af0bf5f6278231c
    # via blueeconomy-data-platform (pyproject.toml)
deprecated==1.3.1 \
    --hash=sha256:597bfef186b6f60181535a29fbe44865ce137a5079f295b479886c82729d5f3f \
    --hash=sha256:b1b50e0ff0c1fddaa5708a2c6b0a6588bb09b892825ab2b214ac9ea9d92a5223
    # via deltalake
jsonschema==4.26.0 \
    --hash=sha256:0c26707e2efad8aa1bfc5b7ce170f3fccc2e4918ff85989ba9ffa9facb2be326 \
    --hash=sha256:d489f15263b8d200f8387e64b4c3a75f06629559fb73deb8fdfb525f2dab50ce
    # via blueeconomy-data-platform (pyproject.toml)
jsonschema-specifications==2025.9.1 \
    --hash=sha256:98802fee3a11ee76ecaca44429fda8a41bff98b00a0f2838151b113f210cc6fe \
    --hash=sha256:b540987f239e745613c7a9176f3edb72b832a4ac465cf02712288397832b5e8d
    # via jsonschema
pyarrow==25.0.1 \
    --hash=sha256:0b1edbb2f385a6a65e9711b62ba86ac54a7816a3f8d17bb3e8a5929d65fb2485 \
    --hash=sha256:0b726ad7e7b669be982b0c71c07fe4b037d654354130da79a7902a669e93a66b \
    --hash=sha256:0befcf816e45a1af33ac775a9970b749e4868a230c7372f0ae5e932bee27039f \
    --hash=sha256:0fe7c8b6c03969b49c8c66182e4a18e3819ab92d07cfab5d8370c531b9369ef0 \
    --hash=sha256:119297a6dc197e45d9c6d4415f7814a67ffa36c180d26f68c154c58067ae782d \
    --hash=sha256:169d3429d5be7c752125890620f75a60776d38b0035eddae939651640822332e \
    --hash=sha256:25f8720bf6387d5dc2ebd2622112de630760419e4b66134405dd24110d15f37e \
    --hash=sha256:31e49a7888fcdf3a835da33ae777f6bb9a866334e5a789282fc26dcf426f7f15 \
    --hash=sha256:35935cd5de130aa5cf4dea052a63e6bf2e17006c35c3a468194242b9b2bf5956 \
    --hash=sha256:38a9a4b4b9613380e200641891495a56c3d5a98a092db4a870af9975e220471d \
    --hash=sha256:3f89685964f46e4216103c75483aac0c0692a5f72212d7ca835adba5ede56ce3 \
    --hash=sha256:4288f27577352d608ca08553b0865e4a9b3aa14820c5d95b53337218d609835b \
    --hash=sha256:4340f0ba6c1d2e13f21658de1d7c662ca2545018568d0030a1e9afca159d87e3 \
    --hash=sha256:44a9120ce5bd81936b8ab9a88076e3fd47c2c6838e0e43630fed83626aca81d9 \
    --hash=sha256:4facd65742a024a4a366328a1d2292062d72d6e023c1b7dda8d4c37544933a25 \
    --hash=sha256:51093dd9e10325fbdb3c10a2ae7c4806e5c822d94e74ae4938b26524a3323fee \
    --hash=sha256:514ddb60285631af068875550c90eddc181db3e8e63a032b1559be189e82f056 \
    --hash=sha256:5389cdf79447ed1515c9e31620e6e1e2302249564d603f2ad727d4f6d313e4c3 \
    --hash=sha256:59a2de54c0cbd954da861eee4d1d330f8e909c45b53455baef696380f2c55033 \
    --hash=sha256:60e89d8f13861a1f7f8d950fa54aebb8023b30734d0ac51ffa80beabe2df4bba \
    --hash=sha256:6109c94d8b9f3b17a041daca16cacb2f651ad8f1ef70a4232c2c0f37a23da2a8 \
    --hash=sha256:62cd0d785b8aa6675ee355f9fc02252a340f4441257c42674937826fd7594325 \
    --hash=sha256:6943e2fe7954d29d84de45d29d34c8dc36ce96570e67d89aa9976e650a4a9138 \
    --hash=sha256:6a1fdfc6659b6b19022f2e50627fb5cf7156a66c46bf4299379955cbe742382a \
    --hash=sha256:880523be3d29efcf83d3998835d206118ccf35e3871dbd2fb60408cf6b007a80 \
    --hash=sha256:8858d7bfc22e3f51529aeaa4077225029724623e4595dc9eff8c793935c34140 \
    --hash=sha256:9150a83248bfed9813ea3c3af74c3856c1984d444aa28e58bf7733b9750ddf6a \
    --hash=sha256:9171748cdf796972d85a4b60157c279913e242992e350c90c7450182a9838b2a \
    --hash=sha256:a4d6d5e9a3d1879a97c08ded0c797579b7965eafd0f0c26c30b45ccc06db939b \
    --hash=sha256:a4dd8bf99a8fac133efc0ed6a92f5fddbe2adba0d0f6dd720e39ba9855cea85c \
    --hash=sha256:aa0559502e1cd6254d6814614085dd9c5a3dd0419362978a936a3f68a9e5c3df \
    --hash=sha256:b7a296aac7a71fa0886c08e155ddb6c636a50013f801f6178daafa0f9e726188 \
    --hash=sha256:bddd0c4f7630c2a3ddf6347c1bdaa79d97bcf6bd445f9e60c816b7d77c85a5ae \
    --hash=sha256:bf0b672390cdcb640d7288f96b826d71ff4e9abb254a86c89890baf51a29cee6 \
    --hash=sha256:c7c534ec03c358a76ea3e505e74c1b6aef290af90c444dfd092dbfe23e755b85 \
    --hash=sha256:cab40b1edfef0262e0e5251aa2c58d75630f24d06dd7794480243acc001a1d7d \
    --hash=sha256:cc4aa407fde9fc660be3939e49ea31f50f3e9fec17c0ec63159f7711edd3efc9 \
    --hash=sha256:d51592cb7561e87877c506113e7adbf1342ab579e6c21f0ef44b8ba41cb74c80 \
    --hash=sha256:dda9470024204d7bbf2042b47c6e8a0e47a3eeb8e34405882dfaea6577e0c153 \
    --hash=sha256:df961f2e7ae9cf496459259d798652c70625f6c080650d6952f8c04053c58ee9 \
    --hash=sha256:eb6203482ff3746a5632303a7279ae0b5a304c46985b49ed1378cb350ea6728d \
    --hash=sha256:f3831aaa25c67a99f99dc8b05873cb9d64560390372e2aa197ce9dd4a3f06a44 \
    --hash=sha256:f729cfdbd36fd99d543b67a914d2de044c84ebe45be8b34902b299b608c15c8f
    # via blueeconomy-data-platform (pyproject.toml)
referencing==0.37.0 \
    --hash=sha256:381329a9f99628c9069361716891d34ad94af76e461dcb0335825aecc7692231 \
    --hash=sha256:44aefc3142c5b842538163acb373e24cce6632bd54bdb01b21ad5863489f50d8
    # via
    #   jsonschema
    #   jsonschema-specifications
rpds-py==2026.6.3 \
    --hash=sha256:0be972be84cfcaf46c8c6edf690ca0f154ac17babf1f6a955a51579b34ad2dc5 \
    --hash=sha256:127565fead0a10943b282957bd5447804ff3160ad79f2ad2635e6d249e380680 \
    --hash=sha256:127e08c0642d880cf32ca47ec2a4a77b901f7e2dd1ad9762adb13955d72ffcc9 \
    --hash=sha256:166cf54d9f44fc6ceb53c7860258dde44a81406646de79f8ed3234fca3b6e538 \
    --hash=sha256:168c733a7112e071bb7a66460e667edfcff06c017a3c523f7a8a8e08d0140804 \
    --hash=sha256:1967debc37f64f2c4dc90a7f563aec558b471966e12adcac4e1c4240496b6ebf \
    --hash=sha256:1cebd1337c242e4ec2293e541f712b2da849b29f48f0c293684b71c0632625d4 \
    --hash=sha256:1cf01971c4f2c5553b772a542e4aaf191789cd331bc2cd4ff0e6e65ba49e1e97 \
    --hash=sha256:1e5822dfc2f0d4ab7e745eaa6d85945069329beeccef965af3f3bb26058fcab6 \
    --hash=sha256:22bffe6042b9bcb0822bcd1955ec00e245daf17b4344e4ed8e9551b976b63e96 \
    --hash=sha256:23a439f31ccbeff1574e24889128821d1f7917470e830cf6544dced1c662262a \
    --hash=sha256:24e9c5386e16669b674a69c156c8eeefcb578f3b3397b713b08e6d60f3c7b187 \
    --hash=sha256:270b293dae9058fc9fcedab50f13cebf46fb8ed1d1d54e0521a9da5d6b211975 \
    --hash=sha256:29dfa0533a5d4c94d4dfa1b694fcb56c9c63aad8330ffdd816fd225d0a7a162f \
    --hash=sha256:2a9c6f195058cb45335e8cc3802745c603d716eb96bc9625950c1aac71c0c703 \
    --hash=sha256:2bfd04c19ddbd6640de0b51894d764bd2758854d5b75bd102d2ef10cb9c293a9 \
    --hash=sha256:2c54a076ca4d370980ab57bc0e31df57bbe8d41340436a90ef8b1219a3cbb127 \
    --hash=sha256:2c958bf94822e9290a40aaf2a822d4bc5c88099093e3948ad6c571eca9272e5f \
    --hash=sha256:2c99f7e8ccb3dd6e3e4bfeac657a7b208c9bac8075f4b078c02d7404c34107fa \
    --hash=sha256:2f7c26fbc5acd2522b95d4177fe4710ffd8e9b20529e703ffbf8db4d93903f05 \
    --hash=sha256:30c6dc199b24a5e3e81d50da0f00858c5bbdb2617a750395687f4339c5818171 \
    --hash=sha256:38a2fea2787428f811719ceb9114cb78964a3138838320c29ac39526c79c16ba \
    --hash=sha256:3a83ae6c67b7676b9878378547ca8e93ed77a580037bcbcd1d32f739e1e6089c \
    --hash=sha256:3cfe765c1da0072636ca06628261e0ea05688e160d5c8a03e0217c3854037223 \
    --hash=sha256:421aba32367055614287a4292b6a17f1939c9452299f7a0209c117e990b646d4 \
    --hash=sha256:425560c6fa0415f27261727bb20bd097568485e5eb0c121f1949417d1c516885 \
    --hash=sha256:4470ce197d4090875cf6affbf1f853338387428df97c4fb7b7106317b8214698 \
    --hash=sha256:4cf2d36a2357e4d07bb5a4f98801265327b48256867816cfd2ceb001e9754a8f \
    --hash=sha256:4f4bca01b63096f606e095734dd56e74e175f94cfbf24ff3d63281cec61f7bb7 \
    --hash=sha256:501f9f04a588d6a09179368c57071301445191767c64e4b52a6aa9871f1ef5ed \
    --hash=sha256:536bceea4fa4acf7e1c61da2b5786304367c816c8895be71b8f537c480b0ea1f \
    --hash=sha256:538949e262e46caa31ac01bdb3c1e8f642622922cacbabbae6a8445d9dc33eaf \
    --hash=sha256:539d75de9e0d536c84ff18dfeb805398e58227001ce09231a26a08b9aed1ee0e \
    --hash=sha256:54f45a148e28767bf343d33a684693c70e451c6f4c0e9904709a723fafbdfc1f \
    --hash=sha256:55927d532399c2c646100ff7feb48eaa940ad70f42cd68e1328f3ded9f81ca24 \
    --hash=sha256:58eadac9cd119677b60e1cf8ac4052f35949d71b8a9e5556efccbe82533cf22a \
    --hash=sha256:5e8d07bddee435a2ff6f1920e18feff28d0bc4533e42f4bf6927fbd073312c41 \
    --hash=sha256:62698275682bf121181861295c9181e789030a2d516071f5b8f3c23c170cd0fc \
    --hash=sha256:639c8929aa0afe81be836b04de888460d6bed38b9c54cfc18da8f6bfabf5af5d \
    --hash=sha256:67e3a721ffc5d8d2210d3671872298c4a84e4b8035cfe42ffd7cde35d772b146 \
    --hash=sha256:6de4744d05bd1aa1be4ed7ea1189e3979196808008113bbbf899a460966b925e \
    --hash=sha256:6e84adbcf4bf841aed8116a8264b9f50b4cb3e7bd89b516122e616ac56ca269e \
    --hash=sha256:7491ee23305ac3eb59e492b6945881f5cd77a6f731061a3f25b77fd40f9e99a4 \
    --hash=sha256:79486287de1730dbaff3dbd124d0ca4d2ef7f9d29bf2544f1f93c09b5bcbbd12 \
    --hash=sha256:7b689145a1485c335569bd056464f3243a29af7ed3871c7be31ad624ba239bc7 \
    --hash=sha256:7f88d653e7b3b779d71ae7454e20dcc9b6bae903f33c269db9f2be41bda3f261 \
    --hash=sha256:8020133a74bd81b4572dd8e4be028a6b1ebcd70e6726edc3918008c08bee6ee6 \
    --hash=sha256:808345f53cb952433ca2816f1604ff3515608a81784954f38d4452acfe8e61d5 \
    --hash=sha256:83e35b57523816c8613fd0776b40cd8bb9f596b37ddd2692eb4a6bb5ab2f8c93 \
    --hash=sha256:842e7b070435622248c7a2c44ae53fa1440e073cc3023bc919fed570884097a7 \
    --hash=sha256:847927daf4cffbd4e90e42bc890069897101edd015f956cb8721b3473372edda \
    --hash=sha256:882076c00c0a608b131187055ddc5ae29f2e7eaf870d6168980420d58528a5c8 \
    --hash=sha256:8b95977e7211527ab0ba576e286d023389fbeeb32a6b7b771665d333c60e5342 \
    --hash=sha256:8bb68f03f395eb793220b45c097bd4d8c32944393da0fad8b999efac0868fc8c \
    --hash=sha256:8c2642a7603ec0b16ed77da4555db3b4b472341904873788327c0b0d7b95f1bb \
    --hash=sha256:8c3d1e9c15b9d51ca0391e13da1a25a0a4df3c58a37c9dc368e0736cf7f69df0 \
    --hash=sha256:8c6e5a2f750cc71c3e3b11d71661f21d6f9bc6cebc6564b1466417a1ec03ec77 \
    --hash=sha256:8d2294a31386bfa251d8c8a39472beee17db67d4f1a6eabea665d35c9a4461c3 \
    --hash=sha256:8e4320744c1ffdd95a603def63344bfab2d33edeab301c5007e7de9f9f5b3885 \
    --hash=sha256:8e65860d238379ed982fd9ba690579b5e95af2f4840f99c772816dbe573cb826 \
    --hash=sha256:8f2e5c5ee828d42cb11760761c0af6507927bec42d0ad5458f97c9203b054617 \
    --hash=sha256:900a67df3fd1660b035a4761c4ce73c382ea6b35f90f9863c36c6fd8bf8b09bb \
    --hash=sha256:913ca42ccad3f8cc6e292b587ae8ae49c8c823e5dce51a736252fc7c7cdfa577 \
    --hash=sha256:9250a9a0a6fd4648b3f868da8d91a4c52b5811a62df58e753d50ae4454a36f80 \
    --hash=sha256:931908d9fc855d8f74783377822be318edb6dcb19e47169dc038f9a1bf60b06e \
    --hash=sha256:9826217f048f620d9a712672818bf231442c1b35d96b227a07eabd11b4bb6945 \
    --hash=sha256:9891e594296ab9dada6551c8e7b387b2721f27a67eecd528412e8906247a7b90 \
    --hash=sha256:9c1255b302953c86a486b81d330d5ee1d5bd937691ce271b6be0ef0e299eaab7 \
    --hash=sha256:a0811d33247c3d6128a3001d763f2aa056bb3425204335400ac54f89eec3a0d0 \
    --hash=sha256:a136d453475ac0fcbda502ef1e6504bd28d6d904700915d278deeab0d00fe140 \
    --hash=sha256:a214c993455f99a89aaeadc9b21241900037adc9d97203e374d75513c5911822 \
    --hash=sha256:a3086b538543802f84c843911242db20447de00d8752dd0efc936dbcf02218ba \
    --hash=sha256:a3450b693fde92133e9f51060568a4c31fcca76d5e53bbd611e689ca446517e9 \
    --hash=sha256:a550fb4950a06dde3beb4721f5ad4b25bf4513784665b0a8522c792e2bd822a4 \
    --hash=sha256:a9f4645593036b81bbdb36b9c8e0ea0d1c3fee968c4d59db0344c14087ef143a \
    --hash=sha256:aca6c1ef08a82bfe327cc156da694660f599923e2e6665b6d81c9c2d0ac9ffc8 \
    --hash=sha256:acac386b453c2516111b50985d60ce46e7fadb5ea71ae7b25f4c946935bf27cf \
    --hash=sha256:acc992ab27b15f852c76755eb2ab7dce86585ddadba6fa5946e58556088845b4 \
    --hash=sha256:ae3d4fe8c0b9213624fdce7279d70e3b148b682ca20719ebd193a23ebfa47324 \
    --hash=sha256:ae50181a047c871561212bb97f7932a2d45fb53e947bd9b57ebad85b529cbc53 \
    --hash=sha256:ae6dd8f10bd17aad820876d24caec9efdafd80a318d16c0a48edb5e136902c6b \
    --hash=sha256:af05d726809bff6b141be124d4c7ce998f9c9c7f30edb1f46c07aa103d540b41 \
    --hash=sha256:afd70d95892096cdb26f15a00c45907b17817577aa8d1c76b2dcc2788391f9e9 \
    --hash=sha256:b5c2dc92304aa48a4a60443b548bb12f12e119d4b72f314015e67b9e1be97fca \
    --hash=sha256:bc0011654b91cc4fb2ae701bec0a0ba1e552c0714247fa7af6c59e0ccfa3a4e1 \
    --hash=sha256:bcfbcf66006befb9fd2aeaa9e01feaf881b4dc330a02ba07d2322b1c11be7b5d \
    --hash=sha256:bdbd97738551fca3917c1bd7188bec1920bb520104f28e7e1007f9ceb17b7690 \
    --hash=sha256:c60924535c75f1566b6eb75b5c31a48a43fef04fa2d0d201acbad8a9969c6107 \
    --hash=sha256:c7b9a2f8f4d8e90af72571d3d495deebdd7e3c75451f5b41719aee166e940fc2 \
    --hash=sha256:ca6546b66be9dc4738b1b043d5ebd5488c66c578c5ff0fd0e8065313fe3afb76 \
    --hash=sha256:ccffae9a092a00deb7efd545fe5e2c33c33b88e7c054337e9a74c179347d0b7d \
    --hash=sha256:cdc7e35386f3847df728fbcb5e887e2d79c19e2fa1eba9e51b6621d23e3243af \
    --hash=sha256:d15fde0e6fb0d88a60d221204873743e5d9f0b7d29165e62cd86d0413ad74ba6 \
    --hash=sha256:d34c20167764fbcf927194d532dd7e0c56772f0a5f943fa5ef9e9afbba8fb9db \
    --hash=sha256:d483fe17f01ad64b7bf7cc38fcefff1ca9fb83f8c2b2542b68f97ffe0611b369 \
    --hash=sha256:d7469697dce35be237db177d42e2a2ee26e6dcc5fc052078a6fefabd288c6edd \
    --hash=sha256:db08f45aecde626498fb3df07bcf6d2ec040af42e859a4f5040d79c200342911 \
    --hash=sha256:dc319e5a1de4b6913aac94bf6a2f9e847371e0a140a43dd4991db1a09bc2d504 \
    --hash=sha256:de3eceba0b683bcbb1ab93da016d0270df1f9ae7be716b40214c5dafac6ea45a \
    --hash=sha256:dfcc8b909769d19db55c7cc9541eb64b9b774b1057ffffb4f1048070475bb9f9 \
    --hash=sha256:e059c5dde6452b44424bd1834557556c226b57781dee1227af23518459722b13 \
    --hash=sha256:e4316bf32babbed84e691e352faf967ce2f0f024174a8643c37c94a1080374fc \
    --hash=sha256:e52655eaf81e32593abedaa4bfe33170c8cfedf3365ed9be6e11e07f148f0278 \
    --hash=sha256:e55d236be29255554da47abe5c577637db7c24a02b8b46f0ca9524c855801868 \
    --hash=sha256:ea7bb13b7c9a29791f87a0387ba7d3ad3a6d783d827e4d3f27b40a0ff44495e2 \
    --hash=sha256:ea964164cc9afa72d4d9b23cc28dafae93693c0a53e0b42acbff15b22c3f9ddd \
    --hash=sha256:ec829541c45bca16e61c7ae50c20501f213605beb75d1aba91a6ee37fbbb56a4 \
    --hash=sha256:ecabd69db66de867690f9797f2f8fa27ba501bbc24540cbdbdc649cd15888ba6 \
    --hash=sha256:ed0c1e5d10cdc7135537988c74a0188da68e2f3c30813ba3744ab1e42e0480f9 \
    --hash=sha256:f0840b5b17057f7fd918b76183a4b5a0635f43e14eb2ce60dce1d4ee4707ea00 \
    --hash=sha256:f4d78253f6996be4901669ad25319f842f740eccf4d58e3c7f3dd39e6dde1d8f \
    --hash=sha256:f56f1695bc5c0871cbc33dc0130fcf503aab0c57dcc5a6700a4f49eba4f2652e \
    --hash=sha256:f826877d462181e5eb1c26a0026b8d0cab05d99844ecb6d8bf3627a2ca0c0442 \
    --hash=sha256:f8f23ead891a3b762f35ab3b04623da7056545b48aa60d59957e6789914545da \
    --hash=sha256:f90938e92afda60266da758ee7d363447f7f0138c9559f9e1811629580582d90 \
    --hash=sha256:faa679d19a6696fd54259ad321251ad77a13e70e03dd834daa762a44fb6196ef
    # via
    #   jsonschema
    #   referencing
typing-extensions==4.16.0 \
    --hash=sha256:481caa481374e813c1b176ada14e97f1f67a4539ce9cfeb3f350d78d6370c2e8 \
    --hash=sha256:dc983d19a509c94dba722ee6abd33940f7c05a89e243c47e907eb4db6f1a43e5
    # via referencing
wrapt==2.3.0 \
    --hash=sha256:0a45ffae742ce91a16e11cb6c7cd71e7f9994f3cbd283b962ab093f5c6dcf525 \
    --hash=sha256:0bb2797048db0956348cb3058c33bc4184614f13231389cfbccc16a5d32780a7 \
    --hash=sha256:0d3fb71e65b001adfc42684522eeccd9c21d8ba679945abc993439567b66e59f \
    --hash=sha256:0db083387d6e75ec0be8173ecbf0e811cf60bae1cc75a815feb104167ea10d4d \
    --hash=sha256:10461884b3014fbfc8eb7d09a93c5f246363e6711d9d881f95eb8c27fdef049f \
    --hash=sha256:1236fa25173ca964c97422470482e9011b9e3c7ed0d75798b40b3da3b0e0e760 \
    --hash=sha256:141ed6211286a9660d8d6702de598b43f0934b4f0eda16393f100a80f501d945 \
    --hash=sha256:1598becd30f8f2777d18564064eb4f4dbe1ab0e05a8f09786d0ef505ac782bf3 \
    --hash=sha256:195b1842b4122fb54e3cd3dd5b2b4aa49302a5a61da901df0481f5c97aedde84 \
    --hash=sha256:1d6159c9b2fefec02314e1332dbbbfaf960e369dfd26bcf7f8b258b5732065b3 \
    --hash=sha256:22cc5c0a717bd4da87018ae0bffd4c19c6fb679d3ff357216ba566ab26c76cab \
    --hash=sha256:242b60c21e30866e6a2fa606c612b47c553fa60c0eaeeeb7797fb842ac0ce609 \
    --hash=sha256:24da48596326ef8e448cfa837b454f638713d3531262375f00e5a9681682fc07 \
    --hash=sha256:261f53870cd4fb2bf38f9f972c56c728fd224cb7c65721307de59d9e7e6741ae \
    --hash=sha256:2935d5454b3f179a29b12cf390ee47246740ba2c3a7545b1b46ba31a5f2a4a0b \
    --hash=sha256:2e49885a62ec4ee854d1b9e6371fda6afd219917225752abf729a3f36d4df9a5 \
    --hash=sha256:379f670f45b7bb8993edd9f6fc36c6cc65edb81cffa0b504be34acb0303fff0a \
    --hash=sha256:3873c3c5ca9f4ef91f693602eca19d1f1e7c410338df82a4ff11d826b5896a8f \
    --hash=sha256:392158c9a7f2ab1b8699418bfc0fe6f83548788c418b27d7bf2019ad3405cebb \
    --hash=sha256:39febbee6d77301d31da6996b152ce52452da7c7ef72aba10c2fa976dff9c295 \
    --hash=sha256:3d1c2c1b808600d2ea808e6360910a60ed5f409a4011655e10f9164ba0a414a6 \
    --hash=sha256:3da470536bf9645143323dd41b32db55c6f4304ad382094c1a1da8a92061e10d \
    --hash=sha256:418f54bb09d1762db02c7009b4051149893af3153a87f92d70356703c11eea02 \
    --hash=sha256:42869085687f0aefd57c0f636c3f9354f8ffb321a8ba9cb52d19beb796e561c5 \
    --hash=sha256:45c9279b373d15649dfa2c2077cb3408ea1a6d3125afbdab9d6b809a66f68e14 \
    --hash=sha256:4fa0df3bff4e7ce45759f33fd39335fe2f60477bb9ecf7b8aa41e7d07ee36a23 \
    --hash=sha256:50f416b74d092bb9f41b424e90dd457f365f7ba4b11de62a23679769a21bd85c \
    --hash=sha256:51a7a4181c1295774812271fbcd7c909df372bc25579d4ed9eb875caaf0ae86f \
    --hash=sha256:54ca1d5573f69b5fe1d74f1f65799c68015e82f685efec9fd8cfa40a094c44d0 \
    --hash=sha256:5ab559e1b2551d23d54db2a0001c6d73bad022a254639561c5f6c382a9d6c2fe \
    --hash=sha256:5ba1e5e08ddc46130e9682b2c249f2d1dd39bda9106ed4bd401b7519f18f41bd \
    --hash=sha256:5d221a6e6ddd302b8397433184e96b59f259f50024b854db1c411a881586b6b8 \
    --hash=sha256:6208f302f110295d64b22a7ac96500c791bf492dce4366e622e4912b077c9687 \
    --hash=sha256:626b69db2021aa01671ec7bbc9740e558522bd44c18cf2ce69bf3d666a014109 \
    --hash=sha256:628f3ba8ec793a5b10a6cd8c6c6b7b55eb552abd1f3bd301336acb74c7a82dfe \
    --hash=sha256:629d73378082c00a8173031f9fb30a3ac6abbc894a5bfdfae71fabc60642d501 \
    --hash=sha256:646d20d413ffcd1b0a2f700076e2d0252d872dcb7754860a73e45a59ea883614 \
    --hash=sha256:67bfe2485f50368c3fcd2275fc1fd100e350d601e0058921a7c82678a465aeab \
    --hash=sha256:681a2d0eefd721998f90642762b8e75c2159ec531b20ad5e437245ea7b06a107 \
    --hash=sha256:69e477046f2237ef0bc6547544ee73008dc764ca26eff44f09e976d221b34d5d \
    --hash=sha256:6db604ef0c67bdb2042ecdfd7b7f037cf09733557ca42360d1018285634f7b98 \
    --hash=sha256:729126e667da34d251b8ebf8a45ef0c5ddadc21542b3d6e1abf4259ece6508df \
    --hash=sha256:73d0b10b64620a2cf4bc3d31775c4d9527e309a5549e4379e3bf71e8d2dc193e \
    --hash=sha256:7ebb274aba688b043429eb1500ff8a76ce0cb8ac0812ca3e301f06247b8722b3 \
    --hash=sha256:8159ec0b0cb7608175eb150de94c19e34f4d47ac655f5ca9baf45df6b688ffd3 \
    --hash=sha256:816877aa749253149f9ecfd2635d4d948ecfa338e1a0311d187b1acb1bb8a3eb \
    --hash=sha256:85de890ff968196e92dd1ae73a9fb8970495e7650a457b1c9ef0ac3dd550bce2 \
    --hash=sha256:8f8a1c6472675956cece9a8f403f43c3594f1681319eed2dd56f60877397c636 \
    --hash=sha256:9045917809c63fdf7abe3a2ceaed3d670b8ee4500ddd9291192d30aeb34467c5 \
    --hash=sha256:932dced0a7b2950ed58a3325536a1dcb7b58e7330af54e8552d2e566b5328b99 \
    --hash=sha256:93513bec052c6cd987f9f580c3df068c8bc4ebae6543736be3ca7ec5959cafcd \
    --hash=sha256:9790ea25190a4e0fe4cdf4eeb868e9d75f8a024a70a5b6bf9c348a3a2b72e731 \
    --hash=sha256:9f5d2aec29dfc76c37e23897dee92766a3fd4f3bff3ae7fc9c6b4bf37d8c1360 \
    --hash=sha256:a65e8db2b4e90c2e7ade931086351c98ef420bf7a94ee08c95ac8a3cbbc43579 \
    --hash=sha256:a6b5984cd65dd639546f0eb4b8eacf1c31cb2fe9fb5c27bffe240987cdb2cf84 \
    --hash=sha256:a6e19531ae33c508cea7d84a7edfda01fa86e51b8d1a93a77712c55e6e469152 \
    --hash=sha256:abc71504669d126d91f89fc0e388c6295d8fbd2439be884f175133fda8aa403c \
    --hash=sha256:ac870cc97b73bb00ac353329e9559a4bebc47c4c86792ed9b23b58c15b6ad838 \
    --hash=sha256:ad71df7a04dd3497e9302e81f4a7c91bd401ea0e15a9df9029527900f94bee43 \
    --hash=sha256:b1e5aa486e269b00ed35e64771c7d0ab8096cfd2643405ca8cd60ebedc099a51 \
    --hash=sha256:b4fc96b159af0a3e0faa72475a69d66292bea72a5bed1e1aca1bffbddc3cb2b0 \
    --hash=sha256:b767a9566f165dd14decf8f4194c6bb0ce3a8420cec213824e05a99400c9260a \
    --hash=sha256:bff9a671bc00709cab5a7f745c592b5671873449db0ee2a569af994f16b29a4d \
    --hash=sha256:c3b476ae63b4a3b4da681aafcb25ff3542d289fbda8b5da7caf76aaffafafdbb \
    --hash=sha256:c4bded758ad6f03b965830944a2f0bc5b2eb3767fe5a7310134315d1a6610e98 \
    --hash=sha256:c8388ba7faf5dbf9ee106bb70d66f257629b1bd98091123e19e8a4553a319199 \
    --hash=sha256:c8858d8ff9822a081e3cc49ae1b3b22f0f789c14001cdac8f94564010d9c9d66 \
    --hash=sha256:c88abcf53daef80e01a75c7530e727fa6e2c1888fe83e3dcdba4c96216a1f5c7 \
    --hash=sha256:cc2cea812e5cb179a796b766747e7d3b21088760d8deb95676d482b8c8e6fa7d \
    --hash=sha256:cd3a2edf0427013736b8127955cec62608c56e53ea47e82812ea32059cda407f \
    --hash=sha256:cdc021cb0b62471d6aac7f2bd92f3b4658073775f9ee7fcd325c511129e7bcc8 \
    --hash=sha256:ce9f398f868d2b3b27aa2ea4de79645ef9077aeeac8dfc2814b0d542c6a2b87f \
    --hash=sha256:d0077f3d65541925fa83002f967b22ad6550d24813ac64cb905f717194128d9c \
    --hash=sha256:d0f7284f88f4833705132d06d3b425a43095c2cbd07c58166aac3ab646ba12a4 \
    --hash=sha256:d2cc64539da63e39ffb9c7ede849b6e8ddaaf7b3876b5cfb04efd85a5f3f4eb6 \
    --hash=sha256:d8c7ed08477429752b8c44991f40ad7838b18332a160698740a6bfbc10d998a2 \
    --hash=sha256:df4ce31150bcd5d9f36f816aac3010ab4f4bf8672ac1d3b0ac7d539ec61c7c02 \
    --hash=sha256:e045ff75d7d94900fc32896ed93c45ce2d2cac28c9dead582ff9a5a49d446e35 \
    --hash=sha256:e2e692bc0d63f881cf7006730a56bd4e0c2fab5dc318466942805d692b166276 \
    --hash=sha256:e31734c5077f29f892b2565eee5106d610278151ad49fc6a9d69a647cd5730e2 \
    --hash=sha256:e3b9eaa742ae7a0aaaaad4ca4b69469d757af2d6e6663ef1dadc47adec0aeb41 \
    --hash=sha256:e3f3d7ec0a51fbfe00d3aef047641ff2c58b25565b4717fc1f90e050be01cba8 \
    --hash=sha256:e5301c35cf75655eb33498f2bd6ae8703ca19940e3167dc9cdf740c712a39c60 \
    --hash=sha256:ea52a0d0f08c584943d5764be0e84efa912c8da23c23e1e285ff2f5641c18fcc \
    --hash=sha256:ed635a9ca4f3a5a2b900c10c69e823373bc00ebc114b459383596d3487da3570 \
    --hash=sha256:fb8e2e6704a1e0b1b989546c69e2688371ef4a07fa5f61bde3eb6211186f5ac1 \
    --hash=sha256:fc648a335d7e01adb3640b25f02fd0ea05886cf04d0af7f4ee902bc7b5e466e8 \
    --hash=sha256:fc82c2ccc8e234c844f5303d9f2984b346dcdd53e94823ce8420d2c75b4b9023 \
    --hash=sha256:fd1f2f557dd3491fe75905e578f4db967393d40d1a8f468edc4d40ac7f2d5944 \
    --hash=sha256:fd85b0aa88efdb189d6ae2f35f4526943a8f091c38599c9c31478241c819e6a1
    # via deprecated
